
Microsoft Visual Studio Solution File, Format Version 12.00
# Visual Studio Version 17
VisualStudioVersion = 17.2.32630.192
MinimumVisualStudioVersion = 10.0.40219.1
Project("{FAE04EC0-301F-11D3-BF4B-00C04F79EFBC}") = "AlienPAK", "AlienPAK.csproj", "{BA23C8FA-D394-49DB-8801-A9DF54928CE7}"
	ProjectSection(ProjectDependencies) = postProject
		{DD86AD9B-C141-43D3-B0A7-E7ED36B48B53} = {DD86AD9B-C141-43D3-B0A7-E7ED36B48B53}
	EndProjectSection
EndProject
Project("{9A19103F-16F7-4668-BE54-9A1E7A4F7556}") = "CathodeLib", "..\CathodeLib\CathodeLib\CathodeLib.csproj", "{DD86AD9B-C141-43D3-B0A7-E7ED36B48B53}"
EndProject
Global
	GlobalSection(SolutionConfigurationPlatforms) = preSolution
		Debug|Any CPU = Debug|Any CPU
		Release|Any CPU = Release|Any CPU
	EndGlobalSection
	GlobalSection(ProjectConfigurationPlatforms) = postSolution
		{BA23C8FA-D394-49DB-8801-A9DF54928CE7}.Debug|Any CPU.ActiveCfg = Debug|Any CPU
		{BA23C8FA-D394-49DB-8801-A9DF54928CE7}.Debug|Any CPU.Build.0 = Debug|Any CPU
		{BA23C8FA-D394-49DB-8801-A9DF54928CE7}.Release|Any CPU.ActiveCfg = Release|Any CPU
		{BA23C8FA-D394-49DB-8801-A9DF54928CE7}.Release|Any CPU.Build.0 = Release|Any CPU
		{DD86AD9B-C141-43D3-B0A7-E7ED36B48B53}.Debug|Any CPU.ActiveCfg = Debug|Any CPU
		{DD86AD9B-C141-43D3-B0A7-E7ED36B48B53}.Debug|Any CPU.Build.0 = Debug|Any CPU
		{DD86AD9B-C141-43D3-B0A7-E7ED36B48B53}.Release|Any CPU.ActiveCfg = Release|Any CPU
		{DD86AD9B-C141-43D3-B0A7-E7ED36B48B53}.Release|Any CPU.Build.0 = Release|Any CPU
	EndGlobalSection
	GlobalSection(SolutionProperties) = preSolution
		HideSolutionNode = FALSE
	EndGlobalSection
	GlobalSection(ExtensibilityGlobals) = postSolution
		SolutionGuid = {3468E893-A9F2-492F-A4E3-AEC1EB31C01B}
	EndGlobalSection
EndGlobal
