
Microsoft Visual Studio Solution File, Format Version 12.00
# Visual Studio 15
VisualStudioVersion = 15.0.28307.645
MinimumVisualStudioVersion = 10.0.40219.1
Project("{FAE04EC0-301F-11D3-BF4B-00C04F79EFBC}") = "AlienPAK", "AlienPAK.csproj", "{BA23C8FA-D394-49DB-8801-A9DF54928CE7}"
EndProject
Global
	GlobalSection(SolutionConfigurationPlatforms) = preSolution
		Debug|Any CPU = Debug|Any CPU
		Release|Any CPU = Release|Any CPU
	EndGlobalSection
	GlobalSection(ProjectConfigurationPlatforms) = postSolution
		{BA23C8FA-D394-49DB-8801-A9DF54928CE7}.Debug|Any CPU.ActiveCfg = Debug|Any CPU
		{BA23C8FA-D394-49DB-8801-A9DF54928CE7}.Debug|Any CPU.Build.0 = Debug|Any CPU
		{BA23C8FA-D394-49DB-8801-A9DF54928CE7}.Release|Any CPU.ActiveCfg = Release|Any CPU
		{BA23C8FA-D394-49DB-8801-A9DF54928CE7}.Release|Any CPU.Build.0 = Release|Any CPU
	EndGlobalSection
	GlobalSection(SolutionProperties) = preSolution
		HideSolutionNode = FALSE
	EndGlobalSection
	GlobalSection(ExtensibilityGlobals) = postSolution
		SolutionGuid = {3468E893-A9F2-492F-A4E3-AEC1EB31C01B}
	EndGlobalSection
EndGlobal
